Microsoft Visual Studio Solution File, Format Version 12.00
# Visual Studio 2012
Project("{FAE04EC0-301F-11D3-BF4B-00C04F79EFBC}") = "Cosmic Chess", "Cosmic Chess.csproj", "{E894EE91-DDB7-4829-9FF9-32FD234BBE24}"
EndProject
Global
	GlobalSection(SolutionConfigurationPlatforms) = preSolution
	Debug|Any CPU = Debug|Any CPU
	ExportDebug|Any CPU = ExportDebug|Any CPU
	ExportRelease|Any CPU = ExportRelease|Any CPU
	EndGlobalSection
	GlobalSection(ProjectConfigurationPlatforms) = postSolution
		{E894EE91-DDB7-4829-9FF9-32FD234BBE24}.Debug|Any CPU.ActiveCfg = Debug|Any CPU
		{E894EE91-DDB7-4829-9FF9-32FD234BBE24}.Debug|Any CPU.Build.0 = Debug|Any CPU
		{E894EE91-DDB7-4829-9FF9-32FD234BBE24}.ExportDebug|Any CPU.ActiveCfg = ExportDebug|Any CPU
		{E894EE91-DDB7-4829-9FF9-32FD234BBE24}.ExportDebug|Any CPU.Build.0 = ExportDebug|Any CPU
		{E894EE91-DDB7-4829-9FF9-32FD234BBE24}.ExportRelease|Any CPU.ActiveCfg = ExportRelease|Any CPU
		{E894EE91-DDB7-4829-9FF9-32FD234BBE24}.ExportRelease|Any CPU.Build.0 = ExportRelease|Any CPU
	EndGlobalSection
EndGlobal
